
Microsoft Visual Studio Solution File, Format Version 12.00
# Visual Studio Version 18
VisualStudioVersion = 18.4.11626.88
MinimumVisualStudioVersion = 10.0.40219.1
Project("{FAE04EC0-301F-11D3-BF4B-00C04F79EFBC}") = "NWCExporter", "NWCExporter.csproj", "{37249280-C257-E8A2-580B-44DAFD977509}"
EndProject
Global
	GlobalSection(SolutionConfigurationPlatforms) = preSolution
		Debug|Any CPU = Debug|Any CPU
		Release|Any CPU = Release|Any CPU
		Revit2025|Any CPU = Revit2025|Any CPU
		Revit2026|Any CPU = Revit2026|Any CPU
	EndGlobalSection
	GlobalSection(ProjectConfigurationPlatforms) = postSolution
		{37249280-C257-E8A2-580B-44DAFD977509}.Debug|Any CPU.ActiveCfg = Debug|Any CPU
		{37249280-C257-E8A2-580B-44DAFD977509}.Debug|Any CPU.Build.0 = Debug|Any CPU
		{37249280-C257-E8A2-580B-44DAFD977509}.Release|Any CPU.ActiveCfg = Release|Any CPU
		{37249280-C257-E8A2-580B-44DAFD977509}.Release|Any CPU.Build.0 = Release|Any CPU
		{37249280-C257-E8A2-580B-44DAFD977509}.Revit2025|Any CPU.ActiveCfg = Revit2025|Any CPU
		{37249280-C257-E8A2-580B-44DAFD977509}.Revit2025|Any CPU.Build.0 = Revit2025|Any CPU
		{37249280-C257-E8A2-580B-44DAFD977509}.Revit2026|Any CPU.ActiveCfg = Revit2026|Any CPU
		{37249280-C257-E8A2-580B-44DAFD977509}.Revit2026|Any CPU.Build.0 = Revit2026|Any CPU
	EndGlobalSection
	GlobalSection(SolutionProperties) = preSolution
		HideSolutionNode = FALSE
	EndGlobalSection
	GlobalSection(ExtensibilityGlobals) = postSolution
		SolutionGuid = {DDD683EE-5330-407B-BCD7-28704B3FE399}
	EndGlobalSection
EndGlobal
